// !$*UTF8*$!
{
	archiveVersion = 1;
	classes = {
	};
	objectVersion = 46;
	objects = {

/* Begin PBXBuildFile section */
		4A9EDEB01DF6FE89005C2963 /* AppDelegate.swift in Sources */ = {isa = PBXBuildFile; fileRef = 4A9EDEAF1DF6FE89005C2963 /* AppDelegate.swift */; };
		4A9EDEB21DF6FE89005C2963 /* ViewController.swift in Sources */ = {isa = PBXBuildFile; fileRef = 4A9EDEB11DF6FE89005C2963 /* ViewController.swift */; };
		4A9EDEB51DF6FE89005C2963 /* Main.storyboard in Resources */ = {isa = PBXBuildFile; fileRef = 4A9EDEB31DF6FE89005C2963 /* Main.storyboard */; };
		4A9EDEB71DF6FE89005C2963 /* Assets.xcassets in Resources */ = {isa = PBXBuildFile; fileRef = 4A9EDEB61DF6FE89005C2963 /* Assets.xcassets */; };
		4A9EDEBA1DF6FE89005C2963 /* LaunchScreen.storyboard in Resources */ = {isa = PBXBuildFile; fileRef = 4A9EDEB81DF6FE89005C2963 /* LaunchScreen.storyboard */; };
/* End PBXBuildFile section */

/* Begin PBXFileReference section */
		4A9EDEAC1DF6FE89005C2963 /* 001 iOS10本地通知演示（Swift版本）.app */ = {isa = PBXFileReference; explicitFileType = wrapper.application; includeInIndex = 0; path = "001 iOS10本地通知演示（Swift版本）.app"; sourceTree = BUILT_PRODUCTS_DIR; };
		4A9EDEAF1DF6FE89005C2963 /* AppDelegate.swift */ = {isa = PBXFileReference; lastKnownFileType = sourcecode.swift; path = AppDelegate.swift; sourceTree = "<group>"; };
		4A9EDEB11DF6FE89005C2963 /* ViewController.swift */ = {isa = PBXFileReference; lastKnownFileType = sourcecode.swift; path = ViewController.swift; sourceTree = "<group>"; };
		4A9EDEB41DF6FE89005C2963 /* Base */ = {isa = PBXFileReference; lastKnownFileType = file.storyboard; name = Base; path = Base.lproj/Main.storyboard; sourceTree = "<group>"; };
		4A9EDEB61DF6FE89005C2963 /* Assets.xcassets */ = {isa = PBXFileReference; lastKnownFileType = folder.assetcatalog; path = Assets.xcassets; sourceTree = "<group>"; };
		4A9EDEB91DF6FE89005C2963 /* Base */ = {isa = PBXFileReference; lastKnownFileType = file.storyboard; name = Base; path = Base.lproj/LaunchScreen.storyboard; sourceTree = "<group>"; };
		4A9EDEBB1DF6FE89005C2963 /* Info.plist */ = {isa = PBXFileReference; lastKnownFileType = text.plist.xml; path = Info.plist; sourceTree = "<group>"; };
/* End PBXFileReference section */

/* Begin PBXFrameworksBuildPhase section */
		4A9EDEA91DF6FE89005C2963 /* Frameworks */ = {
			isa = PBXFrameworksBuildPhase;
			buildActionMask = 2147483647;
			files = (
			);
			runOnlyForDeploymentPostprocessing = 0;
		};
/* End PBXFrameworksBuildPhase section */

/* Begin PBXGroup section */
		4A9EDEA31DF6FE89005C2963 = {
			isa = PBXGroup;
			children = (
				4A9EDEAE1DF6FE89005C2963 /* 001 iOS10本地通知演示（Swift版本） */,
				4A9EDEAD1DF6FE89005C2963 /* Products */,
			);
			sourceTree = "<group>";
		};
		4A9EDEAD1DF6FE89005C2963 /* Products */ = {
			isa = PBXGroup;
			children = (
				4A9EDEAC1DF6FE89005C2963 /* 001 iOS10本地通知演示（Swift版本）.app */,
			);
			name = Products;
			sourceTree = "<group>";
		};
		4A9EDEAE1DF6FE89005C2963 /* 001 iOS10本地通知演示（Swift版本） */ = {
			isa = PBXGroup;
			children = (
				4A9EDEAF1DF6FE89005C2963 /* AppDelegate.swift */,
				4A9EDEB11DF6FE89005C2963 /* ViewController.swift */,
				4A9EDEB31DF6FE89005C2963 /* Main.storyboard */,
				4A9EDEB61DF6FE89005C2963 /* Assets.xcassets */,
				4A9EDEB81DF6FE89005C2963 /* LaunchScreen.storyboard */,
				4A9EDEBB1DF6FE89005C2963 /* Info.plist */,
			);
			path = "001 iOS10本地通知演示（Swift版本）";
			sourceTree = "<group>";
		};
/* End PBXGroup section */

/* Begin PBXNativeTarget section */
		4A9EDEAB1DF6FE89005C2963 /* 001 iOS10本地通知演示（Swift版本） */ = {
			isa = PBXNativeTarget;
			buildConfigurationList = 4A9EDEBE1DF6FE89005C2963 /* Build configuration list for PBXNativeTarget "001 iOS10本地通知演示（Swift版本）" */;
			buildPhases = (
				4A9EDEA81DF6FE89005C2963 /* Sources */,
				4A9EDEA91DF6FE89005C2963 /* Frameworks */,
				4A9EDEAA1DF6FE89005C2963 /* Resources */,
			);
			buildRules = (
			);
			dependencies = (
			);
			name = "001 iOS10本地通知演示（Swift版本）";
			productName = "001 iOS10本地通知演示（Swift版本）";
			productReference = 4A9EDEAC1DF6FE89005C2963 /* 001 iOS10本地通知演示（Swift版本）.app */;
			productType = "com.apple.product-type.application";
		};
/* End PBXNativeTarget section */

/* Begin PBXProject section */
		4A9EDEA41DF6FE89005C2963 /* Project object */ = {
			isa = PBXProject;
			attributes = {
				LastSwiftUpdateCheck = 0820;
				LastUpgradeCheck = 0820;
				ORGANIZATIONNAME = Lebron;
				TargetAttributes = {
					4A9EDEAB1DF6FE89005C2963 = {
						CreatedOnToolsVersion = 8.2;
						DevelopmentTeam = HN63343AHN;
						ProvisioningStyle = Automatic;
					};
				};
			};
			buildConfigurationList = 4A9EDEA71DF6FE89005C2963 /* Build configuration list for PBXProject "001 iOS10本地通知演示（Swift版本）" */;
			compatibilityVersion = "Xcode 3.2";
			developmentRegion = English;
			hasScannedForEncodings = 0;
			knownRegions = (
				en,
				Base,
			);
			mainGroup = 4A9EDEA31DF6FE89005C2963;
			productRefGroup = 4A9EDEAD1DF6FE89005C2963 /* Products */;
			projectDirPath = "";
			projectRoot = "";
			targets = (
				4A9EDEAB1DF6FE89005C2963 /* 001 iOS10本地通知演示（Swift版本） */,
			);
		};
/* End PBXProject section */

/* Begin PBXResourcesBuildPhase section */
		4A9EDEAA1DF6FE89005C2963 /* Resources */ = {
			isa = PBXResourcesBuildPhase;
			buildActionMask = 2147483647;
			files = (
				4A9EDEBA1DF6FE89005C2963 /* LaunchScreen.storyboard in Resources */,
				4A9EDEB71DF6FE89005C2963 /* Assets.xcassets in Resources */,
				4A9EDEB51DF6FE89005C2963 /* Main.storyboard in Resources */,
			);
			runOnlyForDeploymentPostprocessing = 0;
		};
/* End PBXResourcesBuildPhase section */

/* Begin PBXSourcesBuildPhase section */
		4A9EDEA81DF6FE89005C2963 /* Sources */ = {
			isa = PBXSourcesBuildPhase;
			buildActionMask = 2147483647;
			files = (
				4A9EDEB21DF6FE89005C2963 /* ViewController.swift in Sources */,
				4A9EDEB01DF6FE89005C2963 /* AppDelegate.swift in Sources */,
			);
			runOnlyForDeploymentPostprocessing = 0;
		};
/* End PBXSourcesBuildPhase section */

/* Begin PBXVariantGroup section */
		4A9EDEB31DF6FE89005C2963 /* Main.storyboard */ = {
			isa = PBXVariantGroup;
			children = (
				4A9EDEB41DF6FE89005C2963 /* Base */,
			);
			name = Main.storyboard;
			sourceTree = "<group>";
		};
		4A9EDEB81DF6FE89005C2963 /* LaunchScreen.storyboard */ = {
			isa = PBXVariantGroup;
			children = (
				4A9EDEB91DF6FE89005C2963 /* Base */,
			);
			name = LaunchScreen.storyboard;
			sourceTree = "<group>";
		};
/* End PBXVariantGroup section */

/* Begin XCBuildConfiguration section */
		4A9EDEBC1DF6FE89005C2963 /* Debug */ = {
			isa = XCBuildConfiguration;
			buildSettings = {
				ALWAYS_SEARCH_USER_PATHS = NO;
				CLANG_ANALYZER_NONNULL = YES;
				CLANG_CXX_LANGUAGE_STANDARD = "gnu++0x";
				CLANG_CXX_LIBRARY = "libc++";
				CLANG_ENABLE_MODULES = YES;
				CLANG_ENABLE_OBJC_ARC = YES;
				CLANG_WARN_BOOL_CONVERSION = YES;
				CLANG_WARN_CONSTANT_CONVERSION = YES;
				CLANG_WARN_DIRECT_OBJC_ISA_USAGE = YES_ERROR;
				CLANG_WARN_DOCUMENTATION_COMMENTS = YES;
				CLANG_WARN_EMPTY_BODY = YES;
				CLANG_WARN_ENUM_CONVERSION = YES;
				CLANG_WARN_INFINITE_RECURSION = YES;
				CLANG_WARN_INT_CONVERSION = YES;
				CLANG_WARN_OBJC_ROOT_CLASS = YES_ERROR;
				CLANG_WARN_SUSPICIOUS_MOVE = YES;
				CLANG_WARN_UNREACHABLE_CODE = YES;
				CLANG_WARN__DUPLICATE_METHOD_MATCH = YES;
				"CODE_SIGN_IDENTITY[sdk=iphoneos*]" = "iPhone Developer";
				COPY_PHASE_STRIP = NO;
				DEBUG_INFORMATION_FORMAT = dwarf;
				ENABLE_STRICT_OBJC_MSGSEND = YES;
				ENABLE_TESTABILITY = YES;
				GCC_C_LANGUAGE_STANDARD = gnu99;
				GCC_DYNAMIC_NO_PIC = NO;
				GCC_NO_COMMON_BLOCKS = YES;
				GCC_OPTIMIZATION_LEVEL = 0;
				GCC_PREPROCESSOR_DEFINITIONS = (
					"DEBUG=1",
					"$(inherited)",
				);
				GCC_WARN_64_TO_32_BIT_CONVERSION = YES;
				GCC_WARN_ABOUT_RETURN_TYPE = YES_ERROR;
				GCC_WARN_UNDECLARED_SELECTOR = YES;
				GCC_WARN_UNINITIALIZED_AUTOS = YES_AGGRESSIVE;
				GCC_WARN_UNUSED_FUNCTION = YES;
				GCC_WARN_UNUSED_VARIABLE = YES;
				IPHONEOS_DEPLOYMENT_TARGET = 10.2;
				MTL_ENABLE_DEBUG_INFO = YES;
				ONLY_ACTIVE_ARCH = YES;
				SDKROOT = iphoneos;
				SWIFT_ACTIVE_COMPILATION_CONDITIONS = DEBUG;
				SWIFT_OPTIMIZATION_LEVEL = "-Onone";
			};
			name = Debug;
		};
		4A9EDEBD1DF6FE89005C2963 /* Release */ = {
			isa = XCBuildConfiguration;
			buildSettings = {
				ALWAYS_SEARCH_USER_PATHS = NO;
				CLANG_ANALYZER_NONNULL = YES;
				CLANG_CXX_LANGUAGE_STANDARD = "gnu++0x";
				CLANG_CXX_LIBRARY = "libc++";
				CLANG_ENABLE_MODULES = YES;
				CLANG_ENABLE_OBJC_ARC = YES;
				CLANG_WARN_BOOL_CONVERSION = YES;
				CLANG_WARN_CONSTANT_CONVERSION = YES;
				CLANG_WARN_DIRECT_OBJC_ISA_USAGE = YES_ERROR;
				CLANG_WARN_DOCUMENTATION_COMMENTS = YES;
				CLANG_WARN_EMPTY_BODY = YES;
				CLANG_WARN_ENUM_CONVERSION = YES;
				CLANG_WARN_INFINITE_RECURSION = YES;
				CLANG_WARN_INT_CONVERSION = YES;
				CLANG_WARN_OBJC_ROOT_CLASS = YES_ERROR;
				CLANG_WARN_SUSPICIOUS_MOVE = YES;
				CLANG_WARN_UNREACHABLE_CODE = YES;
				CLANG_WARN__DUPLICATE_METHOD_MATCH = YES;
				"CODE_SIGN_IDENTITY[sdk=iphoneos*]" = "iPhone Developer";
				COPY_PHASE_STRIP = NO;
				DEBUG_INFORMATION_FORMAT = "dwarf-with-dsym";
				ENABLE_NS_ASSERTIONS = NO;
				ENABLE_STRICT_OBJC_MSGSEND = YES;
				GCC_C_LANGUAGE_STANDARD = gnu99;
				GCC_NO_COMMON_BLOCKS = YES;
				GCC_WARN_64_TO_32_BIT_CONVERSION = YES;
				GCC_WARN_ABOUT_RETURN_TYPE = YES_ERROR;
				GCC_WARN_UNDECLARED_SELECTOR = YES;
				GCC_WARN_UNINITIALIZED_AUTOS = YES_AGGRESSIVE;
				GCC_WARN_UNUSED_FUNCTION = YES;
				GCC_WARN_UNUSED_VARIABLE = YES;
				IPHONEOS_DEPLOYMENT_TARGET = 10.2;
				MTL_ENABLE_DEBUG_INFO = NO;
				SDKROOT = iphoneos;
				SWIFT_OPTIMIZATION_LEVEL = "-Owholemodule";
				VALIDATE_PRODUCT = YES;
			};
			name = Release;
		};
		4A9EDEBF1DF6FE89005C2963 /* Debug */ = {
			isa = XCBuildConfiguration;
			buildSettings = {
				ASSETCATALOG_COMPILER_APPICON_NAME = AppIcon;
				DEVELOPMENT_TEAM = HN63343AHN;
				INFOPLIST_FILE = "001 iOS10本地通知演示（Swift版本）/Info.plist";
				LD_RUNPATH_SEARCH_PATHS = "$(inherited) @executable_path/Frameworks";
				PRODUCT_BUNDLE_IDENTIFIER = "com.lebron.-01-iOS10-------Swift---";
				PRODUCT_NAME = "$(TARGET_NAME)";
				SWIFT_VERSION = 3.0;
			};
			name = Debug;
		};
		4A9EDEC01DF6FE89005C2963 /* Release */ = {
			isa = XCBuildConfiguration;
			buildSettings = {
				ASSETCATALOG_COMPILER_APPICON_NAME = AppIcon;
				DEVELOPMENT_TEAM = HN63343AHN;
				INFOPLIST_FILE = "001 iOS10本地通知演示（Swift版本）/Info.plist";
				LD_RUNPATH_SEARCH_PATHS = "$(inherited) @executable_path/Frameworks";
				PRODUCT_BUNDLE_IDENTIFIER = "com.lebron.-01-iOS10-------Swift---";
				PRODUCT_NAME = "$(TARGET_NAME)";
				SWIFT_VERSION = 3.0;
			};
			name = Release;
		};
/* End XCBuildConfiguration section */

/* Begin XCConfigurationList section */
		4A9EDEA71DF6FE89005C2963 /* Build configuration list for PBXProject "001 iOS10本地通知演示（Swift版本）" */ = {
			isa = XCConfigurationList;
			buildConfigurations = (
				4A9EDEBC1DF6FE89005C2963 /* Debug */,
				4A9EDEBD1DF6FE89005C2963 /* Release */,
			);
			defaultConfigurationIsVisible = 0;
			defaultConfigurationName = Release;
		};
		4A9EDEBE1DF6FE89005C2963 /* Build configuration list for PBXNativeTarget "001 iOS10本地通知演示（Swift版本）" */ = {
			isa = XCConfigurationList;
			buildConfigurations = (
				4A9EDEBF1DF6FE89005C2963 /* Debug */,
				4A9EDEC01DF6FE89005C2963 /* Release */,
			);
			defaultConfigurationIsVisible = 0;
		};
/* End XCConfigurationList section */
	};
	rootObject = 4A9EDEA41DF6FE89005C2963 /* Project object */;
}
